{
  "name": "tmc",
  "version": "1.0.0",
  "lockfileVersion": 1,
  "requires": true,
  "dependencies": {
    "tim-wx-sdk": {
      "version": "2.3.2",
      "resolved": "https://registry.npm.taobao.org/tim-wx-sdk/download/tim-wx-sdk-2.3.2.tgz",
      "integrity": "sha1-1zGr/95iD9/j0+ph22IRfYrk0oA="
    }
  }
}
