{
  "name": "tmc",
  "version": "1.0.0",
  "lockfileVersion": 1,
  "requires": true,
  "dependencies": {
    "cos-wx-sdk-v5": {
      "version": "0.7.8",
      "resolved": "http://r.cnpmjs.org/cos-wx-sdk-v5/download/cos-wx-sdk-v5-0.7.8.tgz",
      "integrity": "sha1-JML7yxrK2oivg3eckRd35mS2POA=",
      "requires": {
        "xmldom": "^0.1.27"
      }
    },
    "tim-wx-sdk": {
      "version": "2.2.0",
      "resolved": "http://r.cnpmjs.org/tim-wx-sdk/download/tim-wx-sdk-2.2.0.tgz",
      "integrity": "sha1-mcBwt3G1Sy+AtEOy2hjFM9hshB8="
    },
    "xmldom": {
      "version": "0.1.27",
      "resolved": "https://registry.npmjs.org/xmldom/-/xmldom-0.1.27.tgz",
      "integrity": "sha1-1QH5ezvbQDr4757MIFcxh6rawOk="
    }
  }
}
