{
  "name": "tmc",
  "version": "1.0.0",
  "lockfileVersion": 1,
  "requires": true,
  "dependencies": {
    "apifm-wxapi": {
      "version": "2.5.0",
      "resolved": "https://registry.npmjs.org/apifm-wxapi/-/apifm-wxapi-2.5.0.tgz",
      "integrity": "sha512-2OcNzBN3IUuySngtTBZYphORkYYrt/HM/kKsDaWQ518ZPZxrTMRa6OKTsAPsa/+bwqPzDpB2sThtNso+EYr2zA=="
    },
    "cos-wx-sdk-v5": {
      "version": "0.7.9",
      "resolved": "https://registry.npm.taobao.org/cos-wx-sdk-v5/download/cos-wx-sdk-v5-0.7.9.tgz",
      "integrity": "sha1-A9GVPB1vecoLhxyNJWnQR8j4ogs=",
      "requires": {
        "xmldom": "^0.1.27"
      }
    },
    "tim-wx-sdk": {
      "version": "2.3.2",
      "resolved": "https://registry.npm.taobao.org/tim-wx-sdk/download/tim-wx-sdk-2.3.2.tgz",
      "integrity": "sha1-1zGr/95iD9/j0+ph22IRfYrk0oA="
    },
    "xmldom": {
      "version": "0.1.31",
      "resolved": "https://registry.npm.taobao.org/xmldom/download/xmldom-0.1.31.tgz",
      "integrity": "sha1-t2yaG9nwqXN+WnLcNyMc84N14v8="
    }
  }
}
